// !$*UTF8*$!
{
	archiveVersion = 1;
	classes = {
	};
	objectVersion = 46;
	objects = {

/* Begin PBXBuildFile section */
		11735DC91F9BF96800931CCC /* JobDetailsViewController.swift in Sources */ = {isa = PBXBuildFile; fileRef = 11735DC81F9BF96800931CCC /* JobDetailsViewController.swift */; };
		11788A311F94225400CFC26F /* AppDelegate.swift in Sources */ = {isa = PBXBuildFile; fileRef = 11788A301F94225400CFC26F /* AppDelegate.swift */; };
		11788A361F94225400CFC26F /* Main.storyboard in Resources */ = {isa = PBXBuildFile; fileRef = 11788A341F94225400CFC26F /* Main.storyboard */; };
		11788A391F94225400CFC26F /* Jobz.xcdatamodeld in Sources */ = {isa = PBXBuildFile; fileRef = 11788A371F94225400CFC26F /* Jobz.xcdatamodeld */; };
		11788A3B1F94225400CFC26F /* Assets.xcassets in Resources */ = {isa = PBXBuildFile; fileRef = 11788A3A1F94225400CFC26F /* Assets.xcassets */; };
		11788A3E1F94225400CFC26F /* LaunchScreen.storyboard in Resources */ = {isa = PBXBuildFile; fileRef = 11788A3C1F94225400CFC26F /* LaunchScreen.storyboard */; };
		11788A461F9424EC00CFC26F /* GoogleService-Info.plist in Resources */ = {isa = PBXBuildFile; fileRef = 11788A451F9424EC00CFC26F /* GoogleService-Info.plist */; };
		11788A481F942C1C00CFC26F /* CollectionViewController.swift in Sources */ = {isa = PBXBuildFile; fileRef = 11788A471F942C1C00CFC26F /* CollectionViewController.swift */; };
		11D79D0E1FA9929D004C0B01 /* PhotoCellJobDetail.swift in Sources */ = {isa = PBXBuildFile; fileRef = 11D79D0D1FA9929D004C0B01 /* PhotoCellJobDetail.swift */; };
		BAD0D04C1D6600DD4D27A30B /* Pods_Jobz.framework in Frameworks */ = {isa = PBXBuildFile; fileRef = 14327BCCE2AFCB1D16129DFF /* Pods_Jobz.framework */; };
/* End PBXBuildFile section */

/* Begin PBXFileReference section */
		11735DC81F9BF96800931CCC /* JobDetailsViewController.swift */ = {isa = PBXFileReference; fileEncoding = 4; lastKnownFileType = sourcecode.swift; path = JobDetailsViewController.swift; sourceTree = "<group>"; };
		11788A2D1F94225400CFC26F /* Jobz.app */ = {isa = PBXFileReference; explicitFileType = wrapper.application; includeInIndex = 0; path = Jobz.app; sourceTree = BUILT_PRODUCTS_DIR; };
		11788A301F94225400CFC26F /* AppDelegate.swift */ = {isa = PBXFileReference; lastKnownFileType = sourcecode.swift; path = AppDelegate.swift; sourceTree = "<group>"; };
		11788A351F94225400CFC26F /* Base */ = {isa = PBXFileReference; lastKnownFileType = file.storyboard; name = Base; path = Base.lproj/Main.storyboard; sourceTree = "<group>"; };
		11788A381F94225400CFC26F /* Jobz.xcdatamodel */ = {isa = PBXFileReference; lastKnownFileType = wrapper.xcdatamodel; path = Jobz.xcdatamodel; sourceTree = "<group>"; };
		11788A3A1F94225400CFC26F /* Assets.xcassets */ = {isa = PBXFileReference; lastKnownFileType = folder.assetcatalog; path = Assets.xcassets; sourceTree = "<group>"; };
		11788A3D1F94225400CFC26F /* Base */ = {isa = PBXFileReference; lastKnownFileType = file.storyboard; name = Base; path = Base.lproj/LaunchScreen.storyboard; sourceTree = "<group>"; };
		11788A3F1F94225400CFC26F /* Info.plist */ = {isa = PBXFileReference; lastKnownFileType = text.plist.xml; path = Info.plist; sourceTree = "<group>"; };
		11788A451F9424EC00CFC26F /* GoogleService-Info.plist */ = {isa = PBXFileReference; fileEncoding = 4; lastKnownFileType = text.plist.xml; path = "GoogleService-Info.plist"; sourceTree = "<group>"; };
		11788A471F942C1C00CFC26F /* CollectionViewController.swift */ = {isa = PBXFileReference; fileEncoding = 4; lastKnownFileType = sourcecode.swift; path = CollectionViewController.swift; sourceTree = "<group>"; };
		11D79D0D1FA9929D004C0B01 /* PhotoCellJobDetail.swift */ = {isa = PBXFileReference; fileEncoding = 4; lastKnownFileType = sourcecode.swift; path = PhotoCellJobDetail.swift; sourceTree = "<group>"; };
		14327BCCE2AFCB1D16129DFF /* Pods_Jobz.framework */ = {isa = PBXFileReference; explicitFileType = wrapper.framework; includeInIndex = 0; path = Pods_Jobz.framework; sourceTree = BUILT_PRODUCTS_DIR; };
		301247B309A64A2EA94F9B3C /* Pods-Jobz.debug.xcconfig */ = {isa = PBXFileReference; includeInIndex = 1; lastKnownFileType = text.xcconfig; name = "Pods-Jobz.debug.xcconfig"; path = "Pods/Target Support Files/Pods-Jobz/Pods-Jobz.debug.xcconfig"; sourceTree = "<group>"; };
		97E01051491DCFE97E8A80B6 /* Pods-Jobz.release.xcconfig */ = {isa = PBXFileReference; includeInIndex = 1; lastKnownFileType = text.xcconfig; name = "Pods-Jobz.release.xcconfig"; path = "Pods/Target Support Files/Pods-Jobz/Pods-Jobz.release.xcconfig"; sourceTree = "<group>"; };
/* End PBXFileReference section */

/* Begin PBXFrameworksBuildPhase section */
		11788A2A1F94225400CFC26F /* Frameworks */ = {
			isa = PBXFrameworksBuildPhase;
			buildActionMask = 2147483647;
			files = (
				BAD0D04C1D6600DD4D27A30B /* Pods_Jobz.framework in Frameworks */,
			);
			runOnlyForDeploymentPostprocessing = 0;
		};
/* End PBXFrameworksBuildPhase section */

/* Begin PBXGroup section */
		11788A241F94225400CFC26F = {
			isa = PBXGroup;
			children = (
				11788A2F1F94225400CFC26F /* Jobz */,
				11788A2E1F94225400CFC26F /* Products */,
				86C73D52E491FAA399276447 /* Pods */,
				305A0BE9055F3E39C2433F63 /* Frameworks */,
			);
			sourceTree = "<group>";
		};
		11788A2E1F94225400CFC26F /* Products */ = {
			isa = PBXGroup;
			children = (
				11788A2D1F94225400CFC26F /* Jobz.app */,
			);
			name = Products;
			sourceTree = "<group>";
		};
		11788A2F1F94225400CFC26F /* Jobz */ = {
			isa = PBXGroup;
			children = (
				11788A301F94225400CFC26F /* AppDelegate.swift */,
				11788A471F942C1C00CFC26F /* CollectionViewController.swift */,
				11788A341F94225400CFC26F /* Main.storyboard */,
				11788A3A1F94225400CFC26F /* Assets.xcassets */,
				11788A3C1F94225400CFC26F /* LaunchScreen.storyboard */,
				11788A3F1F94225400CFC26F /* Info.plist */,
				11788A371F94225400CFC26F /* Jobz.xcdatamodeld */,
				11788A451F9424EC00CFC26F /* GoogleService-Info.plist */,
				11735DC81F9BF96800931CCC /* JobDetailsViewController.swift */,
				11D79D0D1FA9929D004C0B01 /* PhotoCellJobDetail.swift */,
			);
			path = Jobz;
			sourceTree = "<group>";
		};
		305A0BE9055F3E39C2433F63 /* Frameworks */ = {
			isa = PBXGroup;
			children = (
				14327BCCE2AFCB1D16129DFF /* Pods_Jobz.framework */,
			);
			name = Frameworks;
			sourceTree = "<group>";
		};
		86C73D52E491FAA399276447 /* Pods */ = {
			isa = PBXGroup;
			children = (
				301247B309A64A2EA94F9B3C /* Pods-Jobz.debug.xcconfig */,
				97E01051491DCFE97E8A80B6 /* Pods-Jobz.release.xcconfig */,
			);
			name = Pods;
			sourceTree = "<group>";
		};
/* End PBXGroup section */

/* Begin PBXNativeTarget section */
		11788A2C1F94225400CFC26F /* Jobz */ = {
			isa = PBXNativeTarget;
			buildConfigurationList = 11788A421F94225400CFC26F /* Build configuration list for PBXNativeTarget "Jobz" */;
			buildPhases = (
				FA319E9C7DA2D802BC5FA1D0 /* [CP] Check Pods Manifest.lock */,
				11788A291F94225400CFC26F /* Sources */,
				11788A2A1F94225400CFC26F /* Frameworks */,
				11788A2B1F94225400CFC26F /* Resources */,
				A07512BB53F0F82629260E52 /* [CP] Embed Pods Frameworks */,
				4F7A975122B9040F4D7725F2 /* [CP] Copy Pods Resources */,
			);
			buildRules = (
			);
			dependencies = (
			);
			name = Jobz;
			productName = Jobz;
			productReference = 11788A2D1F94225400CFC26F /* Jobz.app */;
			productType = "com.apple.product-type.application";
		};
/* End PBXNativeTarget section */

/* Begin PBXProject section */
		11788A251F94225400CFC26F /* Project object */ = {
			isa = PBXProject;
			attributes = {
				LastSwiftUpdateCheck = 0830;
				LastUpgradeCheck = 0830;
				ORGANIZATIONNAME = "Mohammad Shahzaib Ather";
				TargetAttributes = {
					11788A2C1F94225400CFC26F = {
						CreatedOnToolsVersion = 8.3.3;
						DevelopmentTeam = YSEF4CY4SN;
						ProvisioningStyle = Automatic;
					};
				};
			};
			buildConfigurationList = 11788A281F94225400CFC26F /* Build configuration list for PBXProject "Jobz" */;
			compatibilityVersion = "Xcode 3.2";
			developmentRegion = English;
			hasScannedForEncodings = 0;
			knownRegions = (
				en,
				Base,
			);
			mainGroup = 11788A241F94225400CFC26F;
			productRefGroup = 11788A2E1F94225400CFC26F /* Products */;
			projectDirPath = "";
			projectRoot = "";
			targets = (
				11788A2C1F94225400CFC26F /* Jobz */,
			);
		};
/* End PBXProject section */

/* Begin PBXResourcesBuildPhase section */
		11788A2B1F94225400CFC26F /* Resources */ = {
			isa = PBXResourcesBuildPhase;
			buildActionMask = 2147483647;
			files = (
				11788A3E1F94225400CFC26F /* LaunchScreen.storyboard in Resources */,
				11788A461F9424EC00CFC26F /* GoogleService-Info.plist in Resources */,
				11788A3B1F94225400CFC26F /* Assets.xcassets in Resources */,
				11788A361F94225400CFC26F /* Main.storyboard in Resources */,
			);
			runOnlyForDeploymentPostprocessing = 0;
		};
/* End PBXResourcesBuildPhase section */

/* Begin PBXShellScriptBuildPhase section */
		4F7A975122B9040F4D7725F2 /* [CP] Copy Pods Resources */ = {
			isa = PBXShellScriptBuildPhase;
			buildActionMask = 2147483647;
			files = (
			);
			inputPaths = (
			);
			name = "[CP] Copy Pods Resources";
			outputPaths = (
			);
			runOnlyForDeploymentPostprocessing = 0;
			shellPath = /bin/sh;
			shellScript = "\"${SRCROOT}/Pods/Target Support Files/Pods-Jobz/Pods-Jobz-resources.sh\"\n";
			showEnvVarsInLog = 0;
		};
		A07512BB53F0F82629260E52 /* [CP] Embed Pods Frameworks */ = {
			isa = PBXShellScriptBuildPhase;
			buildActionMask = 2147483647;
			files = (
			);
			inputPaths = (
				"${SRCROOT}/Pods/Target Support Files/Pods-Jobz/Pods-Jobz-frameworks.sh",
				"${BUILT_PRODUCTS_DIR}/GTMSessionFetcher/GTMSessionFetcher.framework",
				"${BUILT_PRODUCTS_DIR}/GoogleToolboxForMac/GoogleToolboxForMac.framework",
				"${BUILT_PRODUCTS_DIR}/leveldb-library/leveldb.framework",
				"${BUILT_PRODUCTS_DIR}/nanopb/nanopb.framework",
			);
			name = "[CP] Embed Pods Frameworks";
			outputPaths = (
				"${TARGET_BUILD_DIR}/${FRAMEWORKS_FOLDER_PATH}/GTMSessionFetcher.framework",
				"${TARGET_BUILD_DIR}/${FRAMEWORKS_FOLDER_PATH}/GoogleToolboxForMac.framework",
				"${TARGET_BUILD_DIR}/${FRAMEWORKS_FOLDER_PATH}/leveldb.framework",
				"${TARGET_BUILD_DIR}/${FRAMEWORKS_FOLDER_PATH}/nanopb.framework",
			);
			runOnlyForDeploymentPostprocessing = 0;
			shellPath = /bin/sh;
			shellScript = "\"${SRCROOT}/Pods/Target Support Files/Pods-Jobz/Pods-Jobz-frameworks.sh\"\n";
			showEnvVarsInLog = 0;
		};
		FA319E9C7DA2D802BC5FA1D0 /* [CP] Check Pods Manifest.lock */ = {
			isa = PBXShellScriptBuildPhase;
			buildActionMask = 2147483647;
			files = (
			);
			inputPaths = (
				"${PODS_PODFILE_DIR_PATH}/Podfile.lock",
				"${PODS_ROOT}/Manifest.lock",
			);
			name = "[CP] Check Pods Manifest.lock";
			outputPaths = (
				"$(DERIVED_FILE_DIR)/Pods-Jobz-checkManifestLockResult.txt",
			);
			runOnlyForDeploymentPostprocessing = 0;
			shellPath = /bin/sh;
			shellScript = "diff \"${PODS_PODFILE_DIR_PATH}/Podfile.lock\" \"${PODS_ROOT}/Manifest.lock\" > /dev/null\nif [ $? != 0 ] ; then\n    # print error to STDERR\n    echo \"error: The sandbox is not in sync with the Podfile.lock. Run 'pod install' or update your CocoaPods installation.\" >&2\n    exit 1\nfi\n# This output is used by Xcode 'outputs' to avoid re-running this script phase.\necho \"SUCCESS\" > \"${SCRIPT_OUTPUT_FILE_0}\"\n";
			showEnvVarsInLog = 0;
		};
/* End PBXShellScriptBuildPhase section */

/* Begin PBXSourcesBuildPhase section */
		11788A291F94225400CFC26F /* Sources */ = {
			isa = PBXSourcesBuildPhase;
			buildActionMask = 2147483647;
			files = (
				11D79D0E1FA9929D004C0B01 /* PhotoCellJobDetail.swift in Sources */,
				11788A481F942C1C00CFC26F /* CollectionViewController.swift in Sources */,
				11735DC91F9BF96800931CCC /* JobDetailsViewController.swift in Sources */,
				11788A391F94225400CFC26F /* Jobz.xcdatamodeld in Sources */,
				11788A311F94225400CFC26F /* AppDelegate.swift in Sources */,
			);
			runOnlyForDeploymentPostprocessing = 0;
		};
/* End PBXSourcesBuildPhase section */

/* Begin PBXVariantGroup section */
		11788A341F94225400CFC26F /* Main.storyboard */ = {
			isa = PBXVariantGroup;
			children = (
				11788A351F94225400CFC26F /* Base */,
			);
			name = Main.storyboard;
			sourceTree = "<group>";
		};
		11788A3C1F94225400CFC26F /* LaunchScreen.storyboard */ = {
			isa = PBXVariantGroup;
			children = (
				11788A3D1F94225400CFC26F /* Base */,
			);
			name = LaunchScreen.storyboard;
			sourceTree = "<group>";
		};
/* End PBXVariantGroup section */

/* Begin XCBuildConfiguration section */
		11788A401F94225400CFC26F /* Debug */ = {
			isa = XCBuildConfiguration;
			buildSettings = {
				ALWAYS_SEARCH_USER_PATHS = NO;
				CLANG_ANALYZER_NONNULL = YES;
				CLANG_ANALYZER_NUMBER_OBJECT_CONVERSION = YES_AGGRESSIVE;
				CLANG_CXX_LANGUAGE_STANDARD = "gnu++0x";
				CLANG_CXX_LIBRARY = "libc++";
				CLANG_ENABLE_MODULES = YES;
				CLANG_ENABLE_OBJC_ARC = YES;
				CLANG_WARN_BOOL_CONVERSION = YES;
				CLANG_WARN_CONSTANT_CONVERSION = YES;
				CLANG_WARN_DIRECT_OBJC_ISA_USAGE = YES_ERROR;
				CLANG_WARN_DOCUMENTATION_COMMENTS = YES;
				CLANG_WARN_EMPTY_BODY = YES;
				CLANG_WARN_ENUM_CONVERSION = YES;
				CLANG_WARN_INFINITE_RECURSION = YES;
				CLANG_WARN_INT_CONVERSION = YES;
				CLANG_WARN_OBJC_ROOT_CLASS = YES_ERROR;
				CLANG_WARN_SUSPICIOUS_MOVE = YES;
				CLANG_WARN_UNREACHABLE_CODE = YES;
				CLANG_WARN__DUPLICATE_METHOD_MATCH = YES;
				"CODE_SIGN_IDENTITY[sdk=iphoneos*]" = "iPhone Developer";
				COPY_PHASE_STRIP = NO;
				DEBUG_INFORMATION_FORMAT = dwarf;
				ENABLE_STRICT_OBJC_MSGSEND = YES;
				ENABLE_TESTABILITY = YES;
				GCC_C_LANGUAGE_STANDARD = gnu99;
				GCC_DYNAMIC_NO_PIC = NO;
				GCC_NO_COMMON_BLOCKS = YES;
				GCC_OPTIMIZATION_LEVEL = 0;
				GCC_PREPROCESSOR_DEFINITIONS = (
					"DEBUG=1",
					"$(inherited)",
				);
				GCC_WARN_64_TO_32_BIT_CONVERSION = YES;
				GCC_WARN_ABOUT_RETURN_TYPE = YES_ERROR;
				GCC_WARN_UNDECLARED_SELECTOR = YES;
				GCC_WARN_UNINITIALIZED_AUTOS = YES_AGGRESSIVE;
				GCC_WARN_UNUSED_FUNCTION = YES;
				GCC_WARN_UNUSED_VARIABLE = YES;
				IPHONEOS_DEPLOYMENT_TARGET = 10.3;
				MTL_ENABLE_DEBUG_INFO = YES;
				ONLY_ACTIVE_ARCH = YES;
				SDKROOT = iphoneos;
				SWIFT_ACTIVE_COMPILATION_CONDITIONS = DEBUG;
				SWIFT_OPTIMIZATION_LEVEL = "-Onone";
				TARGETED_DEVICE_FAMILY = "1,2";
			};
			name = Debug;
		};
		11788A411F94225400CFC26F /* Release */ = {
			isa = XCBuildConfiguration;
			buildSettings = {
				ALWAYS_SEARCH_USER_PATHS = NO;
				CLANG_ANALYZER_NONNULL = YES;
				CLANG_ANALYZER_NUMBER_OBJECT_CONVERSION = YES_AGGRESSIVE;
				CLANG_CXX_LANGUAGE_STANDARD = "gnu++0x";
				CLANG_CXX_LIBRARY = "libc++";
				CLANG_ENABLE_MODULES = YES;
				CLANG_ENABLE_OBJC_ARC = YES;
				CLANG_WARN_BOOL_CONVERSION = YES;
				CLANG_WARN_CONSTANT_CONVERSION = YES;
				CLANG_WARN_DIRECT_OBJC_ISA_USAGE = YES_ERROR;
				CLANG_WARN_DOCUMENTATION_COMMENTS = YES;
				CLANG_WARN_EMPTY_BODY = YES;
				CLANG_WARN_ENUM_CONVERSION = YES;
				CLANG_WARN_INFINITE_RECURSION = YES;
				CLANG_WARN_INT_CONVERSION = YES;
				CLANG_WARN_OBJC_ROOT_CLASS = YES_ERROR;
				CLANG_WARN_SUSPICIOUS_MOVE = YES;
				CLANG_WARN_UNREACHABLE_CODE = YES;
				CLANG_WARN__DUPLICATE_METHOD_MATCH = YES;
				"CODE_SIGN_IDENTITY[sdk=iphoneos*]" = "iPhone Developer";
				COPY_PHASE_STRIP = NO;
				DEBUG_INFORMATION_FORMAT = "dwarf-with-dsym";
				ENABLE_NS_ASSERTIONS = NO;
				ENABLE_STRICT_OBJC_MSGSEND = YES;
				GCC_C_LANGUAGE_STANDARD = gnu99;
				GCC_NO_COMMON_BLOCKS = YES;
				GCC_WARN_64_TO_32_BIT_CONVERSION = YES;
				GCC_WARN_ABOUT_RETURN_TYPE = YES_ERROR;
				GCC_WARN_UNDECLARED_SELECTOR = YES;
				GCC_WARN_UNINITIALIZED_AUTOS = YES_AGGRESSIVE;
				GCC_WARN_UNUSED_FUNCTION = YES;
				GCC_WARN_UNUSED_VARIABLE = YES;
				IPHONEOS_DEPLOYMENT_TARGET = 10.3;
				MTL_ENABLE_DEBUG_INFO = NO;
				SDKROOT = iphoneos;
				SWIFT_OPTIMIZATION_LEVEL = "-Owholemodule";
				TARGETED_DEVICE_FAMILY = "1,2";
				VALIDATE_PRODUCT = YES;
			};
			name = Release;
		};
		11788A431F94225400CFC26F /* Debug */ = {
			isa = XCBuildConfiguration;
			baseConfigurationReference = 301247B309A64A2EA94F9B3C /* Pods-Jobz.debug.xcconfig */;
			buildSettings = {
				ASSETCATALOG_COMPILER_APPICON_NAME = AppIcon;
				DEVELOPMENT_TEAM = YSEF4CY4SN;
				INFOPLIST_FILE = Jobz/Info.plist;
				LD_RUNPATH_SEARCH_PATHS = "$(inherited) @executable_path/Frameworks";
				PRODUCT_BUNDLE_IDENTIFIER = z.Jobz;
				PRODUCT_NAME = "$(TARGET_NAME)";
				SWIFT_VERSION = 3.0;
			};
			name = Debug;
		};
		11788A441F94225400CFC26F /* Release */ = {
			isa = XCBuildConfiguration;
			baseConfigurationReference = 97E01051491DCFE97E8A80B6 /* Pods-Jobz.release.xcconfig */;
			buildSettings = {
				ASSETCATALOG_COMPILER_APPICON_NAME = AppIcon;
				DEVELOPMENT_TEAM = YSEF4CY4SN;
				INFOPLIST_FILE = Jobz/Info.plist;
				LD_RUNPATH_SEARCH_PATHS = "$(inherited) @executable_path/Frameworks";
				PRODUCT_BUNDLE_IDENTIFIER = z.Jobz;
				PRODUCT_NAME = "$(TARGET_NAME)";
				SWIFT_VERSION = 3.0;
			};
			name = Release;
		};
/* End XCBuildConfiguration section */

/* Begin XCConfigurationList section */
		11788A281F94225400CFC26F /* Build configuration list for PBXProject "Jobz" */ = {
			isa = XCConfigurationList;
			buildConfigurations = (
				11788A401F94225400CFC26F /* Debug */,
				11788A411F94225400CFC26F /* Release */,
			);
			defaultConfigurationIsVisible = 0;
			defaultConfigurationName = Release;
		};
		11788A421F94225400CFC26F /* Build configuration list for PBXNativeTarget "Jobz" */ = {
			isa = XCConfigurationList;
			buildConfigurations = (
				11788A431F94225400CFC26F /* Debug */,
				11788A441F94225400CFC26F /* Release */,
			);
			defaultConfigurationIsVisible = 0;
			defaultConfigurationName = Release;
		};
/* End XCConfigurationList section */

/* Begin XCVersionGroup section */
		11788A371F94225400CFC26F /* Jobz.xcdatamodeld */ = {
			isa = XCVersionGroup;
			children = (
				11788A381F94225400CFC26F /* Jobz.xcdatamodel */,
			);
			currentVersion = 11788A381F94225400CFC26F /* Jobz.xcdatamodel */;
			path = Jobz.xcdatamodeld;
			sourceTree = "<group>";
			versionGroupType = wrapper.xcdatamodel;
		};
/* End XCVersionGroup section */
	};
	rootObject = 11788A251F94225400CFC26F /* Project object */;
}
